
Microsoft Visual Studio Solution File, Format Version 12.00
# Visual Studio Version 16
VisualStudioVersion = 16.0.32630.194
MinimumVisualStudioVersion = 10.0.40219.1
Project("{FAE04EC0-301F-11D3-BF4B-00C04F79EFBC}") = "MiscMethods", "MiscMethods\MiscMethods.csproj", "{C47FA432-F08A-4AD9-B652-0F7E83F97A41}"
EndProject
Global
	GlobalSection(SolutionConfigurationPlatforms) = preSolution
		Debug|Any CPU = Debug|Any CPU
		Release|Any CPU = Release|Any CPU
	EndGlobalSection
	GlobalSection(ProjectConfigurationPlatforms) = postSolution
		{C47FA432-F08A-4AD9-B652-0F7E83F97A41}.Debug|Any CPU.ActiveCfg = Debug|Any CPU
		{C47FA432-F08A-4AD9-B652-0F7E83F97A41}.Debug|Any CPU.Build.0 = Debug|Any CPU
		{C47FA432-F08A-4AD9-B652-0F7E83F97A41}.Release|Any CPU.ActiveCfg = Release|Any CPU
		{C47FA432-F08A-4AD9-B652-0F7E83F97A41}.Release|Any CPU.Build.0 = Release|Any CPU
	EndGlobalSection
	GlobalSection(SolutionProperties) = preSolution
		HideSolutionNode = FALSE
	EndGlobalSection
	GlobalSection(ExtensibilityGlobals) = postSolution
		SolutionGuid = {D078B780-BAF4-4186-ADCC-42706A147D1E}
	EndGlobalSection
EndGlobal
