
Microsoft Visual Studio Solution File, Format Version 12.00
# Visual Studio Version 16
VisualStudioVersion = 16.0.32802.440
MinimumVisualStudioVersion = 10.0.40219.1
Project("{FAE04EC0-301F-11D3-BF4B-00C04F79EFBC}") = "ChessKnightMoveCombinations", "ChessKnightMoveCombinations\ChessKnightMoveCombinations.csproj", "{E896E26C-1C0C-454C-9346-1BBBA2444BE8}"
EndProject
Global
	GlobalSection(SolutionConfigurationPlatforms) = preSolution
		Debug|Any CPU = Debug|Any CPU
		Release|Any CPU = Release|Any CPU
	EndGlobalSection
	GlobalSection(ProjectConfigurationPlatforms) = postSolution
		{E896E26C-1C0C-454C-9346-1BBBA2444BE8}.Debug|Any CPU.ActiveCfg = Debug|Any CPU
		{E896E26C-1C0C-454C-9346-1BBBA2444BE8}.Debug|Any CPU.Build.0 = Debug|Any CPU
		{E896E26C-1C0C-454C-9346-1BBBA2444BE8}.Release|Any CPU.ActiveCfg = Release|Any CPU
		{E896E26C-1C0C-454C-9346-1BBBA2444BE8}.Release|Any CPU.Build.0 = Release|Any CPU
	EndGlobalSection
	GlobalSection(SolutionProperties) = preSolution
		HideSolutionNode = FALSE
	EndGlobalSection
	GlobalSection(ExtensibilityGlobals) = postSolution
		SolutionGuid = {828AA73E-48A0-4F54-87DE-20B1393FB76D}
	EndGlobalSection
EndGlobal
