
Microsoft Visual Studio Solution File, Format Version 12.00
# Visual Studio Version 16
VisualStudioVersion = 16.0.32630.194
MinimumVisualStudioVersion = 10.0.40219.1
Project("{FAE04EC0-301F-11D3-BF4B-00C04F79EFBC}") = "AbstractClassAssignment", "AbstractClassAssignment\AbstractClassAssignment.csproj", "{BCF67BB3-BE48-4717-867C-0CC4A82C1928}"
EndProject
Global
	GlobalSection(SolutionConfigurationPlatforms) = preSolution
		Debug|Any CPU = Debug|Any CPU
		Release|Any CPU = Release|Any CPU
	EndGlobalSection
	GlobalSection(ProjectConfigurationPlatforms) = postSolution
		{BCF67BB3-BE48-4717-867C-0CC4A82C1928}.Debug|Any CPU.ActiveCfg = Debug|Any CPU
		{BCF67BB3-BE48-4717-867C-0CC4A82C1928}.Debug|Any CPU.Build.0 = Debug|Any CPU
		{BCF67BB3-BE48-4717-867C-0CC4A82C1928}.Release|Any CPU.ActiveCfg = Release|Any CPU
		{BCF67BB3-BE48-4717-867C-0CC4A82C1928}.Release|Any CPU.Build.0 = Release|Any CPU
	EndGlobalSection
	GlobalSection(SolutionProperties) = preSolution
		HideSolutionNode = FALSE
	EndGlobalSection
	GlobalSection(ExtensibilityGlobals) = postSolution
		SolutionGuid = {9D5AFB27-4CD8-42DC-9DEC-031095CA08A3}
	EndGlobalSection
EndGlobal
