
Microsoft Visual Studio Solution File, Format Version 12.00
# Visual Studio Version 16
VisualStudioVersion = 16.0.32630.194
MinimumVisualStudioVersion = 10.0.40219.1
Project("{FAE04EC0-301F-11D3-BF4B-00C04F79EFBC}") = "ShippingQuoteGenerator", "ShippingQuoteGenerator\ShippingQuoteGenerator.csproj", "{103878AD-0713-4E91-A2DF-2250D44EDEA2}"
EndProject
Global
	GlobalSection(SolutionConfigurationPlatforms) = preSolution
		Debug|Any CPU = Debug|Any CPU
		Release|Any CPU = Release|Any CPU
	EndGlobalSection
	GlobalSection(ProjectConfigurationPlatforms) = postSolution
		{103878AD-0713-4E91-A2DF-2250D44EDEA2}.Debug|Any CPU.ActiveCfg = Debug|Any CPU
		{103878AD-0713-4E91-A2DF-2250D44EDEA2}.Debug|Any CPU.Build.0 = Debug|Any CPU
		{103878AD-0713-4E91-A2DF-2250D44EDEA2}.Release|Any CPU.ActiveCfg = Release|Any CPU
		{103878AD-0713-4E91-A2DF-2250D44EDEA2}.Release|Any CPU.Build.0 = Release|Any CPU
	EndGlobalSection
	GlobalSection(SolutionProperties) = preSolution
		HideSolutionNode = FALSE
	EndGlobalSection
	GlobalSection(ExtensibilityGlobals) = postSolution
		SolutionGuid = {927890BA-0B6D-48E9-8542-E03E2780ADEB}
	EndGlobalSection
EndGlobal
