
Microsoft Visual Studio Solution File, Format Version 12.00
# Visual Studio Version 16
VisualStudioVersion = 16.0.32630.194
MinimumVisualStudioVersion = 10.0.40219.1
Project("{FAE04EC0-301F-11D3-BF4B-00C04F79EFBC}") = "ParametersAssignment", "ParametersAssignment\ParametersAssignment.csproj", "{F8EC7A77-17F2-4F64-840C-B6D10396A9EB}"
EndProject
Global
	GlobalSection(SolutionConfigurationPlatforms) = preSolution
		Debug|Any CPU = Debug|Any CPU
		Release|Any CPU = Release|Any CPU
	EndGlobalSection
	GlobalSection(ProjectConfigurationPlatforms) = postSolution
		{F8EC7A77-17F2-4F64-840C-B6D10396A9EB}.Debug|Any CPU.ActiveCfg = Debug|Any CPU
		{F8EC7A77-17F2-4F64-840C-B6D10396A9EB}.Debug|Any CPU.Build.0 = Debug|Any CPU
		{F8EC7A77-17F2-4F64-840C-B6D10396A9EB}.Release|Any CPU.ActiveCfg = Release|Any CPU
		{F8EC7A77-17F2-4F64-840C-B6D10396A9EB}.Release|Any CPU.Build.0 = Release|Any CPU
	EndGlobalSection
	GlobalSection(SolutionProperties) = preSolution
		HideSolutionNode = FALSE
	EndGlobalSection
	GlobalSection(ExtensibilityGlobals) = postSolution
		SolutionGuid = {5428EA2B-AD75-4EBD-83D7-0E8D96E226E4}
	EndGlobalSection
EndGlobal
