
Microsoft Visual Studio Solution File, Format Version 12.00
# Visual Studio Version 16
VisualStudioVersion = 16.0.32630.194
MinimumVisualStudioVersion = 10.0.40219.1
Project("{FAE04EC0-301F-11D3-BF4B-00C04F79EFBC}") = "NamedParam", "NamedParam\NamedParam.csproj", "{1BC5FFC9-77A1-4F35-B6B3-2F5C5308F27C}"
EndProject
Global
	GlobalSection(SolutionConfigurationPlatforms) = preSolution
		Debug|Any CPU = Debug|Any CPU
		Release|Any CPU = Release|Any CPU
	EndGlobalSection
	GlobalSection(ProjectConfigurationPlatforms) = postSolution
		{1BC5FFC9-77A1-4F35-B6B3-2F5C5308F27C}.Debug|Any CPU.ActiveCfg = Debug|Any CPU
		{1BC5FFC9-77A1-4F35-B6B3-2F5C5308F27C}.Debug|Any CPU.Build.0 = Debug|Any CPU
		{1BC5FFC9-77A1-4F35-B6B3-2F5C5308F27C}.Release|Any CPU.ActiveCfg = Release|Any CPU
		{1BC5FFC9-77A1-4F35-B6B3-2F5C5308F27C}.Release|Any CPU.Build.0 = Release|Any CPU
	EndGlobalSection
	GlobalSection(SolutionProperties) = preSolution
		HideSolutionNode = FALSE
	EndGlobalSection
	GlobalSection(ExtensibilityGlobals) = postSolution
		SolutionGuid = {CB7C88BB-6057-4C4F-A4F0-03A39B917249}
	EndGlobalSection
EndGlobal
