
Microsoft Visual Studio Solution File, Format Version 12.00
# Visual Studio Version 17
VisualStudioVersion = 17.3.32804.467
MinimumVisualStudioVersion = 10.0.40219.1
Project("{FAE04EC0-301F-11D3-BF4B-00C04F79EFBC}") = "Arightco", "Arightco\Arightco.csproj", "{B2469702-02B9-4ECC-A542-B08B691840AB}"
EndProject
Global
	GlobalSection(SolutionConfigurationPlatforms) = preSolution
		Debug|Any CPU = Debug|Any CPU
		Release|Any CPU = Release|Any CPU
	EndGlobalSection
	GlobalSection(ProjectConfigurationPlatforms) = postSolution
		{B2469702-02B9-4ECC-A542-B08B691840AB}.Debug|Any CPU.ActiveCfg = Debug|Any CPU
		{B2469702-02B9-4ECC-A542-B08B691840AB}.Debug|Any CPU.Build.0 = Debug|Any CPU
		{B2469702-02B9-4ECC-A542-B08B691840AB}.Release|Any CPU.ActiveCfg = Release|Any CPU
		{B2469702-02B9-4ECC-A542-B08B691840AB}.Release|Any CPU.Build.0 = Release|Any CPU
	EndGlobalSection
	GlobalSection(SolutionProperties) = preSolution
		HideSolutionNode = FALSE
	EndGlobalSection
	GlobalSection(ExtensibilityGlobals) = postSolution
		SolutionGuid = {B29AD1A0-7208-48DC-9CDE-A70556F59B33}
	EndGlobalSection
EndGlobal
